
Microsoft Visual Studio Solution File, Format Version 12.00
Project("{FAE04EC0-301F-11D3-BF4B-00C04F79EFBC}") = "CdkServerlessApp", "CdkServerlessApp.csproj", "{47C9B7CE-F4AD-4006-9248-249894AA5905}"
EndProject
Global
	GlobalSection(SolutionConfigurationPlatforms) = preSolution
		Debug|Any CPU = Debug|Any CPU
		Release|Any CPU = Release|Any CPU
	EndGlobalSection
	GlobalSection(ProjectConfigurationPlatforms) = postSolution
		{47C9B7CE-F4AD-4006-9248-249894AA5905}.Debug|Any CPU.ActiveCfg = Debug|Any CPU
		{47C9B7CE-F4AD-4006-9248-249894AA5905}.Debug|Any CPU.Build.0 = Debug|Any CPU
		{47C9B7CE-F4AD-4006-9248-249894AA5905}.Release|Any CPU.ActiveCfg = Release|Any CPU
		{47C9B7CE-F4AD-4006-9248-249894AA5905}.Release|Any CPU.Build.0 = Release|Any CPU
	EndGlobalSection
EndGlobal
